
Microsoft Visual Studio Solution File, Format Version 12.00
# Visual Studio Version 17
VisualStudioVersion = 17.13.35931.197 d17.13
MinimumVisualStudioVersion = 10.0.40219.1
Project("{FAE04EC0-301F-11D3-BF4B-00C04F79EFBC}") = "winformingit", "winformingit\winformingit.csproj", "{95F00F81-B4E8-4059-A16F-06B93E46DA8D}"
EndProject
Global
	GlobalSection(SolutionConfigurationPlatforms) = preSolution
		Debug|Any CPU = Debug|Any CPU
		Release|Any CPU = Release|Any CPU
	EndGlobalSection
	GlobalSection(ProjectConfigurationPlatforms) = postSolution
		{95F00F81-B4E8-4059-A16F-06B93E46DA8D}.Debug|Any CPU.ActiveCfg = Debug|Any CPU
		{95F00F81-B4E8-4059-A16F-06B93E46DA8D}.Debug|Any CPU.Build.0 = Debug|Any CPU
		{95F00F81-B4E8-4059-A16F-06B93E46DA8D}.Release|Any CPU.ActiveCfg = Release|Any CPU
		{95F00F81-B4E8-4059-A16F-06B93E46DA8D}.Release|Any CPU.Build.0 = Release|Any CPU
	EndGlobalSection
	GlobalSection(SolutionProperties) = preSolution
		HideSolutionNode = FALSE
	EndGlobalSection
	GlobalSection(ExtensibilityGlobals) = postSolution
		SolutionGuid = {5E6D91B7-B946-41C1-BE7D-4818C3EE170F}
	EndGlobalSection
EndGlobal
